
Microsoft Visual Studio Solution File, Format Version 12.00
# Visual Studio Version 16
VisualStudioVersion = 16.0.29709.97
MinimumVisualStudioVersion = 10.0.40219.1
Project("{9A19103F-16F7-4668-BE54-9A1E7A4F7556}") = "DataAccessLayer", "DataAccessLayer\DataAccessLayer.csproj", "{DE24620E-0FFB-424E-803E-168629D30A03}"
EndProject
Project("{9A19103F-16F7-4668-BE54-9A1E7A4F7556}") = "ORM", "ORM\ORM.csproj", "{622181F2-13FC-4D76-A6EA-89ED147EE1F3}"
EndProject
Project("{FAE04EC0-301F-11D3-BF4B-00C04F79EFBC}") = "DataAccessLayer.Tests", "DataAccessLayer.Tests\DataAccessLayer.Tests.csproj", "{266D2B1A-8390-46F2-B76B-1A085D821321}"
EndProject
Global
	GlobalSection(SolutionConfigurationPlatforms) = preSolution
		Debug|Any CPU = Debug|Any CPU
		Release|Any CPU = Release|Any CPU
	EndGlobalSection
	GlobalSection(ProjectConfigurationPlatforms) = postSolution
		{DE24620E-0FFB-424E-803E-168629D30A03}.Debug|Any CPU.ActiveCfg = Debug|Any CPU
		{DE24620E-0FFB-424E-803E-168629D30A03}.Debug|Any CPU.Build.0 = Debug|Any CPU
		{DE24620E-0FFB-424E-803E-168629D30A03}.Release|Any CPU.ActiveCfg = Release|Any CPU
		{DE24620E-0FFB-424E-803E-168629D30A03}.Release|Any CPU.Build.0 = Release|Any CPU
		{622181F2-13FC-4D76-A6EA-89ED147EE1F3}.Debug|Any CPU.ActiveCfg = Debug|Any CPU
		{622181F2-13FC-4D76-A6EA-89ED147EE1F3}.Debug|Any CPU.Build.0 = Debug|Any CPU
		{622181F2-13FC-4D76-A6EA-89ED147EE1F3}.Release|Any CPU.ActiveCfg = Release|Any CPU
		{622181F2-13FC-4D76-A6EA-89ED147EE1F3}.Release|Any CPU.Build.0 = Release|Any CPU
		{266D2B1A-8390-46F2-B76B-1A085D821321}.Debug|Any CPU.ActiveCfg = Debug|Any CPU
		{266D2B1A-8390-46F2-B76B-1A085D821321}.Debug|Any CPU.Build.0 = Debug|Any CPU
		{266D2B1A-8390-46F2-B76B-1A085D821321}.Release|Any CPU.ActiveCfg = Release|Any CPU
		{266D2B1A-8390-46F2-B76B-1A085D821321}.Release|Any CPU.Build.0 = Release|Any CPU
	EndGlobalSection
	GlobalSection(SolutionProperties) = preSolution
		HideSolutionNode = FALSE
	EndGlobalSection
	GlobalSection(ExtensibilityGlobals) = postSolution
		SolutionGuid = {4710122D-9CC0-429E-B161-BD3260A967DB}
	EndGlobalSection
EndGlobal
